{
  "name": "wishlist-node-scripts",
  "version": "1.0.0",
  "lockfileVersion": 1,
  "requires": true,
  "dependencies": {
    "@sundevour/utils": {
      "version": "1.4.1",
      "resolved": "https://registry.npmjs.org/@sundevour/utils/-/utils-1.4.1.tgz",
      "integrity": "sha512-ZZJd8B0aY13Y1CRaR+mXkbbjMu0SWC1ZecVhDa2EXegBVtgRdewlwWqIhpp05GkvfAlrXTKMBlAgYVNrs5MJVQ==",
      "dev": true
    },
    "@types/node": {
      "version": "13.7.7",
      "resolved": "https://registry.npmjs.org/@types/node/-/node-13.7.7.tgz",
      "integrity": "sha512-Uo4chgKbnPNlxQwoFmYIwctkQVkMMmsAoGGU4JKwLuvBefF0pCq4FybNSnfkfRCpC7ZW7kttcC/TrRtAJsvGtg==",
      "dev": true
    },
    "bungie-api-ts": {
      "version": "4.2.0",
      "resolved": "https://registry.npmjs.org/bungie-api-ts/-/bungie-api-ts-4.2.0.tgz",
      "integrity": "sha512-/yUcdnKPVFMtb93EulOzBJkh7NRGeUclLDXcvaWiH8SkrEyvSn4w9qhSyZ7TqfWrb7+GxesBrhGhyZA15/jXCg==",
      "dev": true
    },
    "cross-fetch": {
      "version": "3.0.5",
      "resolved": "https://registry.npmjs.org/cross-fetch/-/cross-fetch-3.0.5.tgz",
      "integrity": "sha512-FFLcLtraisj5eteosnX1gf01qYDCOc4fDy0+euOt8Kn9YBY2NtXL/pCoYPavw24NIQkQqm5ZOLsGD5Zzj0gyew==",
      "dev": true,
      "requires": {
        "node-fetch": "2.6.0"
      }
    },
    "destiny2-manifest": {
      "version": "2.4.0",
      "resolved": "https://registry.npmjs.org/destiny2-manifest/-/destiny2-manifest-2.4.0.tgz",
      "integrity": "sha512-Glalik1/K0pq5tpZh58VqM/TOgRLv5dZbnoy00fpBgYeQoIna1aW3OWZe8/2iwxOhQE5XuSMoVDsb51hpPQ3XA==",
      "dev": true,
      "requires": {
        "@sundevour/utils": "^1.4.1",
        "bungie-api-ts": "^4.2.0",
        "cross-fetch": "^3.0.4",
        "idb-keyval": "^3.2.0"
      }
    },
    "idb-keyval": {
      "version": "3.2.0",
      "resolved": "https://registry.npmjs.org/idb-keyval/-/idb-keyval-3.2.0.tgz",
      "integrity": "sha512-slx8Q6oywCCSfKgPgL0sEsXtPVnSbTLWpyiDcu6msHOyKOLari1TD1qocXVCft80umnkk3/Qqh3lwoFt8T/BPQ==",
      "dev": true
    },
    "node-fetch": {
      "version": "2.6.0",
      "resolved": "https://registry.npmjs.org/node-fetch/-/node-fetch-2.6.0.tgz",
      "integrity": "sha512-8dG4H5ujfvFiqDmVu9fQ5bOHUC15JMjMY/Zumv26oOvvVJjM67KF8koCWIabKQ1GJIa9r2mMZscBq/TbdOcmNA==",
      "dev": true
    }
  }
}
