{
  "name": "wishlist-node-scripts",
  "version": "1.0.0",
  "lockfileVersion": 2,
  "requires": true,
  "packages": {
    "": {
      "name": "wishlist-node-scripts",
      "version": "1.0.0",
      "license": "UNLICENSED",
      "dependencies": {
        "@d2api/manifest-node": "^0.0.4",
        "cross-fetch": "^3.1.4",
        "typescript": "^4.4.4"
      },
      "devDependencies": {
        "@types/node": "^16.10.3",
        "bungie-api-ts": "^4.11.0"
      }
    },
    "node_modules/@d2api/manifest": {
      "version": "2.0.0",
      "resolved": "https://registry.npmjs.org/@d2api/manifest/-/manifest-2.0.0.tgz",
      "integrity": "sha512-QduZyTMz+kZRwk52RgQ2gMut6RGdPg3paqgNyPV0EhFsUqJhu+p/CPwWjnInsVDqvAY/fnneMWGDqNf4HpIprQ==",
      "dependencies": {
        "bungie-api-ts": "^4.3.0"
      }
    },
    "node_modules/@d2api/manifest-node": {
      "version": "0.0.4",
      "resolved": "https://registry.npmjs.org/@d2api/manifest-node/-/manifest-node-0.0.4.tgz",
      "integrity": "sha512-iMf5Hs267Gomi8+7lUUmxIxGUqUtrKOQYyMkXc/J2si8bionufKvT3I8IgRa3t8PCpvQQCGVnx6LuWEuLAabfg==",
      "dependencies": {
        "@d2api/manifest": "^2.0.0",
        "bungie-api-ts": "^4.3.0",
        "cross-fetch": "^3.0.4"
      }
    },
    "node_modules/@types/node": {
      "version": "16.10.3",
      "resolved": "https://registry.npmjs.org/@types/node/-/node-16.10.3.tgz",
      "integrity": "sha512-ho3Ruq+fFnBrZhUYI46n/bV2GjwzSkwuT4dTf0GkuNFmnb8nq4ny2z9JEVemFi6bdEJanHLlYfy9c6FN9B9McQ==",
      "dev": true
    },
    "node_modules/bungie-api-ts": {
      "version": "4.11.0",
      "resolved": "https://registry.npmjs.org/bungie-api-ts/-/bungie-api-ts-4.11.0.tgz",
      "integrity": "sha512-d3GpvuVPVFOSsqjmRFl5UxZHvbTMSaI7bvvvZfUe8qYp44BoqrHG+w4CIYKNkh8CHJ9HfMInhfoa3H7hsuDUtw==",
      "engines": {
        "node": ">=13.2.0"
      }
    },
    "node_modules/cross-fetch": {
      "version": "3.1.5",
      "resolved": "https://registry.npmjs.org/cross-fetch/-/cross-fetch-3.1.5.tgz",
      "integrity": "sha512-lvb1SBsI0Z7GDwmuid+mU3kWVBwTVUbe7S0H52yaaAdQOXq2YktTCZdlAcNKFzE6QtRz0snpw9bNiPeOIkkQvw==",
      "dependencies": {
        "node-fetch": "2.6.7"
      }
    },
    "node_modules/node-fetch": {
      "version": "2.6.7",
      "resolved": "https://registry.npmjs.org/node-fetch/-/node-fetch-2.6.7.tgz",
      "integrity": "sha512-ZjMPFEfVx5j+y2yF35Kzx5sF7kDzxuDj6ziH4FFbOp87zKDZNx8yExJIb05OGF4Nlt9IHFIMBkRl41VdvcNdbQ==",
      "dependencies": {
        "whatwg-url": "^5.0.0"
      },
      "engines": {
        "node": "4.x || >=6.0.0"
      },
      "peerDependencies": {
        "encoding": "^0.1.0"
      },
      "peerDependenciesMeta": {
        "encoding": {
          "optional": true
        }
      }
    },
    "node_modules/tr46": {
      "version": "0.0.3",
      "resolved": "https://registry.npmjs.org/tr46/-/tr46-0.0.3.tgz",
      "integrity": "sha1-gYT9NH2snNwYWZLzpmIuFLnZq2o="
    },
    "node_modules/typescript": {
      "version": "4.4.4",
      "resolved": "https://registry.npmjs.org/typescript/-/typescript-4.4.4.tgz",
      "integrity": "sha512-DqGhF5IKoBl8WNf8C1gu8q0xZSInh9j1kJJMqT3a94w1JzVaBU4EXOSMrz9yDqMT0xt3selp83fuFMQ0uzv6qA==",
      "bin": {
        "tsc": "bin/tsc",
        "tsserver": "bin/tsserver"
      },
      "engines": {
        "node": ">=4.2.0"
      }
    },
    "node_modules/webidl-conversions": {
      "version": "3.0.1",
      "resolved": "https://registry.npmjs.org/webidl-conversions/-/webidl-conversions-3.0.1.tgz",
      "integrity": "sha1-JFNCdeKnvGvnvIZhHMFq4KVlSHE="
    },
    "node_modules/whatwg-url": {
      "version": "5.0.0",
      "resolved": "https://registry.npmjs.org/whatwg-url/-/whatwg-url-5.0.0.tgz",
      "integrity": "sha1-lmRU6HZUYuN2RNNib2dCzotwll0=",
      "dependencies": {
        "tr46": "~0.0.3",
        "webidl-conversions": "^3.0.0"
      }
    }
  },
  "dependencies": {
    "@d2api/manifest": {
      "version": "2.0.0",
      "resolved": "https://registry.npmjs.org/@d2api/manifest/-/manifest-2.0.0.tgz",
      "integrity": "sha512-QduZyTMz+kZRwk52RgQ2gMut6RGdPg3paqgNyPV0EhFsUqJhu+p/CPwWjnInsVDqvAY/fnneMWGDqNf4HpIprQ==",
      "requires": {
        "bungie-api-ts": "^4.3.0"
      }
    },
    "@d2api/manifest-node": {
      "version": "0.0.4",
      "resolved": "https://registry.npmjs.org/@d2api/manifest-node/-/manifest-node-0.0.4.tgz",
      "integrity": "sha512-iMf5Hs267Gomi8+7lUUmxIxGUqUtrKOQYyMkXc/J2si8bionufKvT3I8IgRa3t8PCpvQQCGVnx6LuWEuLAabfg==",
      "requires": {
        "@d2api/manifest": "^2.0.0",
        "bungie-api-ts": "^4.3.0",
        "cross-fetch": "^3.0.4"
      }
    },
    "@types/node": {
      "version": "16.10.3",
      "resolved": "https://registry.npmjs.org/@types/node/-/node-16.10.3.tgz",
      "integrity": "sha512-ho3Ruq+fFnBrZhUYI46n/bV2GjwzSkwuT4dTf0GkuNFmnb8nq4ny2z9JEVemFi6bdEJanHLlYfy9c6FN9B9McQ==",
      "dev": true
    },
    "bungie-api-ts": {
      "version": "4.11.0",
      "resolved": "https://registry.npmjs.org/bungie-api-ts/-/bungie-api-ts-4.11.0.tgz",
      "integrity": "sha512-d3GpvuVPVFOSsqjmRFl5UxZHvbTMSaI7bvvvZfUe8qYp44BoqrHG+w4CIYKNkh8CHJ9HfMInhfoa3H7hsuDUtw=="
    },
    "cross-fetch": {
      "version": "3.1.5",
      "resolved": "https://registry.npmjs.org/cross-fetch/-/cross-fetch-3.1.5.tgz",
      "integrity": "sha512-lvb1SBsI0Z7GDwmuid+mU3kWVBwTVUbe7S0H52yaaAdQOXq2YktTCZdlAcNKFzE6QtRz0snpw9bNiPeOIkkQvw==",
      "requires": {
        "node-fetch": "2.6.7"
      }
    },
    "node-fetch": {
      "version": "2.6.7",
      "resolved": "https://registry.npmjs.org/node-fetch/-/node-fetch-2.6.7.tgz",
      "integrity": "sha512-ZjMPFEfVx5j+y2yF35Kzx5sF7kDzxuDj6ziH4FFbOp87zKDZNx8yExJIb05OGF4Nlt9IHFIMBkRl41VdvcNdbQ==",
      "requires": {
        "whatwg-url": "^5.0.0"
      }
    },
    "tr46": {
      "version": "0.0.3",
      "resolved": "https://registry.npmjs.org/tr46/-/tr46-0.0.3.tgz",
      "integrity": "sha1-gYT9NH2snNwYWZLzpmIuFLnZq2o="
    },
    "typescript": {
      "version": "4.4.4",
      "resolved": "https://registry.npmjs.org/typescript/-/typescript-4.4.4.tgz",
      "integrity": "sha512-DqGhF5IKoBl8WNf8C1gu8q0xZSInh9j1kJJMqT3a94w1JzVaBU4EXOSMrz9yDqMT0xt3selp83fuFMQ0uzv6qA=="
    },
    "webidl-conversions": {
      "version": "3.0.1",
      "resolved": "https://registry.npmjs.org/webidl-conversions/-/webidl-conversions-3.0.1.tgz",
      "integrity": "sha1-JFNCdeKnvGvnvIZhHMFq4KVlSHE="
    },
    "whatwg-url": {
      "version": "5.0.0",
      "resolved": "https://registry.npmjs.org/whatwg-url/-/whatwg-url-5.0.0.tgz",
      "integrity": "sha1-lmRU6HZUYuN2RNNib2dCzotwll0=",
      "requires": {
        "tr46": "~0.0.3",
        "webidl-conversions": "^3.0.0"
      }
    }
  }
}
