{
  "name": "wishlist-node-scripts",
  "version": "1.0.0",
  "lockfileVersion": 2,
  "requires": true,
  "packages": {
    "": {
      "name": "wishlist-node-scripts",
      "version": "1.0.0",
      "license": "UNLICENSED",
      "dependencies": {
        "@d2api/manifest": "^1.0.1",
        "cross-fetch": "^3.0.6"
      },
      "devDependencies": {
        "@types/node": "^13.7.7",
        "bungie-api-ts": "^4.2.0"
      }
    },
    "node_modules/@d2api/manifest": {
      "version": "1.0.1",
      "resolved": "https://registry.npmjs.org/@d2api/manifest/-/manifest-1.0.1.tgz",
      "integrity": "sha512-MAXnmNl/TFRGJ8WGHEz0F2c3hqh1s0ABtnms+O0I98mL+n+SP6ArdJQ7DKtpL1FAdB2jjyWRLKRwBPLIBSuWTg==",
      "dependencies": {
        "bungie-api-ts": "^4.3.0"
      },
      "peerDependencies": {
        "cross-fetch": "^3.0.4",
        "idb-keyval": "^3.2.0"
      }
    },
    "node_modules/@types/node": {
      "version": "13.7.7",
      "resolved": "https://registry.npmjs.org/@types/node/-/node-13.7.7.tgz",
      "integrity": "sha512-Uo4chgKbnPNlxQwoFmYIwctkQVkMMmsAoGGU4JKwLuvBefF0pCq4FybNSnfkfRCpC7ZW7kttcC/TrRtAJsvGtg==",
      "dev": true
    },
    "node_modules/bungie-api-ts": {
      "version": "4.6.0",
      "resolved": "https://registry.npmjs.org/bungie-api-ts/-/bungie-api-ts-4.6.0.tgz",
      "integrity": "sha512-Wqv9YEoejzuQedzC8qCz/gtiQu6rzo/4YksQ782I6GWvp9MHfpH72Ap80sosc814XgZiITqR39r1NMv4RdnS4Q==",
      "engines": {
        "node": ">=13.2.0"
      }
    },
    "node_modules/cross-fetch": {
      "version": "3.0.6",
      "resolved": "https://registry.npmjs.org/cross-fetch/-/cross-fetch-3.0.6.tgz",
      "integrity": "sha512-KBPUbqgFjzWlVcURG+Svp9TlhA5uliYtiNx/0r8nv0pdypeQCRJ9IaSIc3q/x3q8t3F75cHuwxVql1HFGHCNJQ==",
      "dependencies": {
        "node-fetch": "2.6.1"
      }
    },
    "node_modules/idb-keyval": {
      "version": "3.2.0",
      "resolved": "https://registry.npmjs.org/idb-keyval/-/idb-keyval-3.2.0.tgz",
      "integrity": "sha512-slx8Q6oywCCSfKgPgL0sEsXtPVnSbTLWpyiDcu6msHOyKOLari1TD1qocXVCft80umnkk3/Qqh3lwoFt8T/BPQ==",
      "peer": true
    },
    "node_modules/node-fetch": {
      "version": "2.6.1",
      "resolved": "https://registry.npmjs.org/node-fetch/-/node-fetch-2.6.1.tgz",
      "integrity": "sha512-V4aYg89jEoVRxRb2fJdAg8FHvI7cEyYdVAh94HH0UIK8oJxUfkjlDQN9RbMx+bEjP7+ggMiFRprSti032Oipxw==",
      "engines": {
        "node": "4.x || >=6.0.0"
      }
    }
  },
  "dependencies": {
    "@d2api/manifest": {
      "version": "1.0.1",
      "resolved": "https://registry.npmjs.org/@d2api/manifest/-/manifest-1.0.1.tgz",
      "integrity": "sha512-MAXnmNl/TFRGJ8WGHEz0F2c3hqh1s0ABtnms+O0I98mL+n+SP6ArdJQ7DKtpL1FAdB2jjyWRLKRwBPLIBSuWTg==",
      "requires": {
        "bungie-api-ts": "^4.3.0"
      }
    },
    "@types/node": {
      "version": "13.7.7",
      "resolved": "https://registry.npmjs.org/@types/node/-/node-13.7.7.tgz",
      "integrity": "sha512-Uo4chgKbnPNlxQwoFmYIwctkQVkMMmsAoGGU4JKwLuvBefF0pCq4FybNSnfkfRCpC7ZW7kttcC/TrRtAJsvGtg==",
      "dev": true
    },
    "bungie-api-ts": {
      "version": "4.6.0",
      "resolved": "https://registry.npmjs.org/bungie-api-ts/-/bungie-api-ts-4.6.0.tgz",
      "integrity": "sha512-Wqv9YEoejzuQedzC8qCz/gtiQu6rzo/4YksQ782I6GWvp9MHfpH72Ap80sosc814XgZiITqR39r1NMv4RdnS4Q=="
    },
    "cross-fetch": {
      "version": "3.0.6",
      "resolved": "https://registry.npmjs.org/cross-fetch/-/cross-fetch-3.0.6.tgz",
      "integrity": "sha512-KBPUbqgFjzWlVcURG+Svp9TlhA5uliYtiNx/0r8nv0pdypeQCRJ9IaSIc3q/x3q8t3F75cHuwxVql1HFGHCNJQ==",
      "requires": {
        "node-fetch": "2.6.1"
      }
    },
    "idb-keyval": {
      "version": "3.2.0",
      "resolved": "https://registry.npmjs.org/idb-keyval/-/idb-keyval-3.2.0.tgz",
      "integrity": "sha512-slx8Q6oywCCSfKgPgL0sEsXtPVnSbTLWpyiDcu6msHOyKOLari1TD1qocXVCft80umnkk3/Qqh3lwoFt8T/BPQ==",
      "peer": true
    },
    "node-fetch": {
      "version": "2.6.1",
      "resolved": "https://registry.npmjs.org/node-fetch/-/node-fetch-2.6.1.tgz",
      "integrity": "sha512-V4aYg89jEoVRxRb2fJdAg8FHvI7cEyYdVAh94HH0UIK8oJxUfkjlDQN9RbMx+bEjP7+ggMiFRprSti032Oipxw=="
    }
  }
}
